
Microsoft Visual Studio Solution File, Format Version 9.00
# Visual Studio 2005
Project("{8BC9CEB8-8B4A-11D0-8D11-00A0C91BC942}") = "GameHelper", "GameHelper\GameHelper.vcproj", "{2125DFA4-FBA0-484A-822C-FF66ACC4B1B7}"
EndProject
Project("{8BC9CEB8-8B4A-11D0-8D11-00A0C91BC942}") = "HelperDaemon", "HelperDaemon\HelperDaemon.vcproj", "{7C7843B6-7826-4601-91C8-838BBA776556}"
EndProject
Global
	GlobalSection(SolutionConfigurationPlatforms) = preSolution
		Debug|Win32 = Debug|Win32
		Release|Win32 = Release|Win32
	EndGlobalSection
	GlobalSection(ProjectConfigurationPlatforms) = postSolution
		{2125DFA4-FBA0-484A-822C-FF66ACC4B1B7}.Debug|Win32.ActiveCfg = Debug|Win32
		{2125DFA4-FBA0-484A-822C-FF66ACC4B1B7}.Debug|Win32.Build.0 = Debug|Win32
		{2125DFA4-FBA0-484A-822C-FF66ACC4B1B7}.Release|Win32.ActiveCfg = Release|Win32
		{2125DFA4-FBA0-484A-822C-FF66ACC4B1B7}.Release|Win32.Build.0 = Release|Win32
		{7C7843B6-7826-4601-91C8-838BBA776556}.Debug|Win32.ActiveCfg = Debug|Win32
		{7C7843B6-7826-4601-91C8-838BBA776556}.Debug|Win32.Build.0 = Debug|Win32
		{7C7843B6-7826-4601-91C8-838BBA776556}.Release|Win32.ActiveCfg = Release|Win32
		{7C7843B6-7826-4601-91C8-838BBA776556}.Release|Win32.Build.0 = Release|Win32
	EndGlobalSection
	GlobalSection(SolutionProperties) = preSolution
		HideSolutionNode = FALSE
	EndGlobalSection
EndGlobal
